
Microsoft Visual Studio Solution File, Format Version 12.00
# Visual Studio 2012
Project("{FAE04EC0-301F-11D3-BF4B-00C04F79EFBC}") = "Infra", "src\main\cs\Infra\Infra.csproj", "{CFEA7549-024A-4D5B-B6A0-73CBA0DD097D}"
EndProject
Project("{FAE04EC0-301F-11D3-BF4B-00C04F79EFBC}") = "Domain", "src\main\cs\Domain\Domain.csproj", "{4F8C87CF-564B-4543-9FC4-CF03237D6466}"
EndProject
Project("{FAE04EC0-301F-11D3-BF4B-00C04F79EFBC}") = "GUI", "src\main\cs\GUI\GUI.csproj", "{41FBBF95-D442-424D-9CA6-FBBB07B6CE45}"
EndProject
Project("{FAE04EC0-301F-11D3-BF4B-00C04F79EFBC}") = "DomainTests", "src\test\cs\DomainTests\DomainTests.csproj", "{3F59EDFD-A936-49BA-B8BF-714B85DDC8E1}"
EndProject
Project("{FAE04EC0-301F-11D3-BF4B-00C04F79EFBC}") = "GUITests", "src\test\cs\GUITests\GUITests.csproj", "{A862DD99-C869-4309-9D1B-989AB3A75B7E}"
EndProject
Global
	GlobalSection(SolutionConfigurationPlatforms) = preSolution
		Debug|Any CPU = Debug|Any CPU
		Release|Any CPU = Release|Any CPU
	EndGlobalSection
	GlobalSection(ProjectConfigurationPlatforms) = postSolution
		{CFEA7549-024A-4D5B-B6A0-73CBA0DD097D}.Debug|Any CPU.ActiveCfg = Debug|Any CPU
		{CFEA7549-024A-4D5B-B6A0-73CBA0DD097D}.Debug|Any CPU.Build.0 = Debug|Any CPU
		{CFEA7549-024A-4D5B-B6A0-73CBA0DD097D}.Release|Any CPU.ActiveCfg = Release|Any CPU
		{CFEA7549-024A-4D5B-B6A0-73CBA0DD097D}.Release|Any CPU.Build.0 = Release|Any CPU
		{4F8C87CF-564B-4543-9FC4-CF03237D6466}.Debug|Any CPU.ActiveCfg = Debug|Any CPU
		{4F8C87CF-564B-4543-9FC4-CF03237D6466}.Debug|Any CPU.Build.0 = Debug|Any CPU
		{4F8C87CF-564B-4543-9FC4-CF03237D6466}.Release|Any CPU.ActiveCfg = Release|Any CPU
		{4F8C87CF-564B-4543-9FC4-CF03237D6466}.Release|Any CPU.Build.0 = Release|Any CPU
		{41FBBF95-D442-424D-9CA6-FBBB07B6CE45}.Debug|Any CPU.ActiveCfg = Debug|Any CPU
		{41FBBF95-D442-424D-9CA6-FBBB07B6CE45}.Debug|Any CPU.Build.0 = Debug|Any CPU
		{41FBBF95-D442-424D-9CA6-FBBB07B6CE45}.Release|Any CPU.ActiveCfg = Release|Any CPU
		{41FBBF95-D442-424D-9CA6-FBBB07B6CE45}.Release|Any CPU.Build.0 = Release|Any CPU
		{3F59EDFD-A936-49BA-B8BF-714B85DDC8E1}.Debug|Any CPU.ActiveCfg = Debug|Any CPU
		{3F59EDFD-A936-49BA-B8BF-714B85DDC8E1}.Debug|Any CPU.Build.0 = Debug|Any CPU
		{3F59EDFD-A936-49BA-B8BF-714B85DDC8E1}.Release|Any CPU.ActiveCfg = Release|Any CPU
		{3F59EDFD-A936-49BA-B8BF-714B85DDC8E1}.Release|Any CPU.Build.0 = Release|Any CPU
		{A862DD99-C869-4309-9D1B-989AB3A75B7E}.Debug|Any CPU.ActiveCfg = Debug|Any CPU
		{A862DD99-C869-4309-9D1B-989AB3A75B7E}.Debug|Any CPU.Build.0 = Debug|Any CPU
		{A862DD99-C869-4309-9D1B-989AB3A75B7E}.Release|Any CPU.ActiveCfg = Release|Any CPU
		{A862DD99-C869-4309-9D1B-989AB3A75B7E}.Release|Any CPU.Build.0 = Release|Any CPU
	EndGlobalSection
EndGlobal
